// !$*UTF8*$!
{
	archiveVersion = 1;
	classes = {
	};
	objectVersion = 56;
	objects = {

/* Begin PBXBuildFile section */
		33458D962A92F23A003322F5 /* BannerCollectionViewCell.swift in Sources */ = {isa = PBXBuildFile; fileRef = 33458D952A92F23A003322F5 /* BannerCollectionViewCell.swift */; };
		33458D992A92F372003322F5 /* SnapKit in Frameworks */ = {isa = PBXBuildFile; productRef = 33458D982A92F372003322F5 /* SnapKit */; };
		33458D9C2A92F380003322F5 /* Kingfisher in Frameworks */ = {isa = PBXBuildFile; productRef = 33458D9B2A92F380003322F5 /* Kingfisher */; };
		33458D9F2A92F38D003322F5 /* Alamofire in Frameworks */ = {isa = PBXBuildFile; productRef = 33458D9E2A92F38D003322F5 /* Alamofire */; };
		3392EF512A99D80E00C099E0 /* NomalCaroselCollectionViewCell.swift in Sources */ = {isa = PBXBuildFile; fileRef = 3392EF502A99D80E00C099E0 /* NomalCaroselCollectionViewCell.swift */; };
		3392EF532A9A2DBA00C099E0 /* ListCarouselCollectionViewCell.swift in Sources */ = {isa = PBXBuildFile; fileRef = 3392EF522A9A2DBA00C099E0 /* ListCarouselCollectionViewCell.swift */; };
		33BF11BF2A927AE900EC3163 /* AppDelegate.swift in Sources */ = {isa = PBXBuildFile; fileRef = 33BF11BE2A927AE900EC3163 /* AppDelegate.swift */; };
		33BF11C12A927AE900EC3163 /* SceneDelegate.swift in Sources */ = {isa = PBXBuildFile; fileRef = 33BF11C02A927AE900EC3163 /* SceneDelegate.swift */; };
		33BF11C32A927AE900EC3163 /* ViewController.swift in Sources */ = {isa = PBXBuildFile; fileRef = 33BF11C22A927AE900EC3163 /* ViewController.swift */; };
		33BF11C62A927AE900EC3163 /* Main.storyboard in Resources */ = {isa = PBXBuildFile; fileRef = 33BF11C42A927AE900EC3163 /* Main.storyboard */; };
		33BF11C82A927AEA00EC3163 /* Assets.xcassets in Resources */ = {isa = PBXBuildFile; fileRef = 33BF11C72A927AEA00EC3163 /* Assets.xcassets */; };
		33BF11CB2A927AEA00EC3163 /* LaunchScreen.storyboard in Resources */ = {isa = PBXBuildFile; fileRef = 33BF11C92A927AEA00EC3163 /* LaunchScreen.storyboard */; };
		33BF11D32A928DDE00EC3163 /* Item.swift in Sources */ = {isa = PBXBuildFile; fileRef = 33BF11D22A928DDE00EC3163 /* Item.swift */; };
/* End PBXBuildFile section */

/* Begin PBXFileReference section */
		33458D952A92F23A003322F5 /* BannerCollectionViewCell.swift */ = {isa = PBXFileReference; lastKnownFileType = sourcecode.swift; path = BannerCollectionViewCell.swift; sourceTree = "<group>"; };
		3392EF502A99D80E00C099E0 /* NomalCaroselCollectionViewCell.swift */ = {isa = PBXFileReference; lastKnownFileType = sourcecode.swift; path = NomalCaroselCollectionViewCell.swift; sourceTree = "<group>"; };
		3392EF522A9A2DBA00C099E0 /* ListCarouselCollectionViewCell.swift */ = {isa = PBXFileReference; lastKnownFileType = sourcecode.swift; path = ListCarouselCollectionViewCell.swift; sourceTree = "<group>"; };
		33BF11BB2A927AE900EC3163 /* ModernCollectionView.app */ = {isa = PBXFileReference; explicitFileType = wrapper.application; includeInIndex = 0; path = ModernCollectionView.app; sourceTree = BUILT_PRODUCTS_DIR; };
		33BF11BE2A927AE900EC3163 /* AppDelegate.swift */ = {isa = PBXFileReference; lastKnownFileType = sourcecode.swift; path = AppDelegate.swift; sourceTree = "<group>"; };
		33BF11C02A927AE900EC3163 /* SceneDelegate.swift */ = {isa = PBXFileReference; lastKnownFileType = sourcecode.swift; path = SceneDelegate.swift; sourceTree = "<group>"; };
		33BF11C22A927AE900EC3163 /* ViewController.swift */ = {isa = PBXFileReference; lastKnownFileType = sourcecode.swift; path = ViewController.swift; sourceTree = "<group>"; };
		33BF11C52A927AE900EC3163 /* Base */ = {isa = PBXFileReference; lastKnownFileType = file.storyboard; name = Base; path = Base.lproj/Main.storyboard; sourceTree = "<group>"; };
		33BF11C72A927AEA00EC3163 /* Assets.xcassets */ = {isa = PBXFileReference; lastKnownFileType = folder.assetcatalog; path = Assets.xcassets; sourceTree = "<group>"; };
		33BF11CA2A927AEA00EC3163 /* Base */ = {isa = PBXFileReference; lastKnownFileType = file.storyboard; name = Base; path = Base.lproj/LaunchScreen.storyboard; sourceTree = "<group>"; };
		33BF11CC2A927AEA00EC3163 /* Info.plist */ = {isa = PBXFileReference; lastKnownFileType = text.plist.xml; path = Info.plist; sourceTree = "<group>"; };
		33BF11D22A928DDE00EC3163 /* Item.swift */ = {isa = PBXFileReference; lastKnownFileType = sourcecode.swift; path = Item.swift; sourceTree = "<group>"; };
/* End PBXFileReference section */

/* Begin PBXFrameworksBuildPhase section */
		33BF11B82A927AE900EC3163 /* Frameworks */ = {
			isa = PBXFrameworksBuildPhase;
			buildActionMask = 2147483647;
			files = (
				33458D9F2A92F38D003322F5 /* Alamofire in Frameworks */,
				33458D9C2A92F380003322F5 /* Kingfisher in Frameworks */,
				33458D992A92F372003322F5 /* SnapKit in Frameworks */,
			);
			runOnlyForDeploymentPostprocessing = 0;
		};
/* End PBXFrameworksBuildPhase section */

/* Begin PBXGroup section */
		3392EF542A9A39F900C099E0 /* Models */ = {
			isa = PBXGroup;
			children = (
				33BF11D22A928DDE00EC3163 /* Item.swift */,
			);
			path = Models;
			sourceTree = "<group>";
		};
		3392EF552A9A3A0C00C099E0 /* Scenes */ = {
			isa = PBXGroup;
			children = (
				33BF11C22A927AE900EC3163 /* ViewController.swift */,
				33458D952A92F23A003322F5 /* BannerCollectionViewCell.swift */,
				3392EF522A9A2DBA00C099E0 /* ListCarouselCollectionViewCell.swift */,
				3392EF502A99D80E00C099E0 /* NomalCaroselCollectionViewCell.swift */,
			);
			path = Scenes;
			sourceTree = "<group>";
		};
		33BF11B22A927AE900EC3163 = {
			isa = PBXGroup;
			children = (
				33BF11BD2A927AE900EC3163 /* ModernCollectionView */,
				33BF11BC2A927AE900EC3163 /* Products */,
			);
			sourceTree = "<group>";
		};
		33BF11BC2A927AE900EC3163 /* Products */ = {
			isa = PBXGroup;
			children = (
				33BF11BB2A927AE900EC3163 /* ModernCollectionView.app */,
			);
			name = Products;
			sourceTree = "<group>";
		};
		33BF11BD2A927AE900EC3163 /* ModernCollectionView */ = {
			isa = PBXGroup;
			children = (
				33BF11BE2A927AE900EC3163 /* AppDelegate.swift */,
				33BF11C02A927AE900EC3163 /* SceneDelegate.swift */,
				33BF11C42A927AE900EC3163 /* Main.storyboard */,
				3392EF542A9A39F900C099E0 /* Models */,
				3392EF552A9A3A0C00C099E0 /* Scenes */,
				33BF11C72A927AEA00EC3163 /* Assets.xcassets */,
				33BF11C92A927AEA00EC3163 /* LaunchScreen.storyboard */,
				33BF11CC2A927AEA00EC3163 /* Info.plist */,
			);
			path = ModernCollectionView;
			sourceTree = "<group>";
		};
/* End PBXGroup section */

/* Begin PBXNativeTarget section */
		33BF11BA2A927AE900EC3163 /* ModernCollectionView */ = {
			isa = PBXNativeTarget;
			buildConfigurationList = 33BF11CF2A927AEA00EC3163 /* Build configuration list for PBXNativeTarget "ModernCollectionView" */;
			buildPhases = (
				33BF11B72A927AE900EC3163 /* Sources */,
				33BF11B82A927AE900EC3163 /* Frameworks */,
				33BF11B92A927AE900EC3163 /* Resources */,
			);
			buildRules = (
			);
			dependencies = (
			);
			name = ModernCollectionView;
			packageProductDependencies = (
				33458D982A92F372003322F5 /* SnapKit */,
				33458D9B2A92F380003322F5 /* Kingfisher */,
				33458D9E2A92F38D003322F5 /* Alamofire */,
			);
			productName = ModernCollectionView;
			productReference = 33BF11BB2A927AE900EC3163 /* ModernCollectionView.app */;
			productType = "com.apple.product-type.application";
		};
/* End PBXNativeTarget section */

/* Begin PBXProject section */
		33BF11B32A927AE900EC3163 /* Project object */ = {
			isa = PBXProject;
			attributes = {
				BuildIndependentTargetsInParallel = 1;
				LastSwiftUpdateCheck = 1430;
				LastUpgradeCheck = 1430;
				TargetAttributes = {
					33BF11BA2A927AE900EC3163 = {
						CreatedOnToolsVersion = 14.3.1;
					};
				};
			};
			buildConfigurationList = 33BF11B62A927AE900EC3163 /* Build configuration list for PBXProject "ModernCollectionView" */;
			compatibilityVersion = "Xcode 14.0";
			developmentRegion = en;
			hasScannedForEncodings = 0;
			knownRegions = (
				en,
				Base,
			);
			mainGroup = 33BF11B22A927AE900EC3163;
			packageReferences = (
				33458D972A92F372003322F5 /* XCRemoteSwiftPackageReference "SnapKit" */,
				33458D9A2A92F380003322F5 /* XCRemoteSwiftPackageReference "Kingfisher" */,
				33458D9D2A92F38D003322F5 /* XCRemoteSwiftPackageReference "Alamofire" */,
			);
			productRefGroup = 33BF11BC2A927AE900EC3163 /* Products */;
			projectDirPath = "";
			projectRoot = "";
			targets = (
				33BF11BA2A927AE900EC3163 /* ModernCollectionView */,
			);
		};
/* End PBXProject section */

/* Begin PBXResourcesBuildPhase section */
		33BF11B92A927AE900EC3163 /* Resources */ = {
			isa = PBXResourcesBuildPhase;
			buildActionMask = 2147483647;
			files = (
				33BF11CB2A927AEA00EC3163 /* LaunchScreen.storyboard in Resources */,
				33BF11C82A927AEA00EC3163 /* Assets.xcassets in Resources */,
				33BF11C62A927AE900EC3163 /* Main.storyboard in Resources */,
			);
			runOnlyForDeploymentPostprocessing = 0;
		};
/* End PBXResourcesBuildPhase section */

/* Begin PBXSourcesBuildPhase section */
		33BF11B72A927AE900EC3163 /* Sources */ = {
			isa = PBXSourcesBuildPhase;
			buildActionMask = 2147483647;
			files = (
				33BF11D32A928DDE00EC3163 /* Item.swift in Sources */,
				33BF11C32A927AE900EC3163 /* ViewController.swift in Sources */,
				33BF11BF2A927AE900EC3163 /* AppDelegate.swift in Sources */,
				3392EF532A9A2DBA00C099E0 /* ListCarouselCollectionViewCell.swift in Sources */,
				33458D962A92F23A003322F5 /* BannerCollectionViewCell.swift in Sources */,
				3392EF512A99D80E00C099E0 /* NomalCaroselCollectionViewCell.swift in Sources */,
				33BF11C12A927AE900EC3163 /* SceneDelegate.swift in Sources */,
			);
			runOnlyForDeploymentPostprocessing = 0;
		};
/* End PBXSourcesBuildPhase section */

/* Begin PBXVariantGroup section */
		33BF11C42A927AE900EC3163 /* Main.storyboard */ = {
			isa = PBXVariantGroup;
			children = (
				33BF11C52A927AE900EC3163 /* Base */,
			);
			name = Main.storyboard;
			sourceTree = "<group>";
		};
		33BF11C92A927AEA00EC3163 /* LaunchScreen.storyboard */ = {
			isa = PBXVariantGroup;
			children = (
				33BF11CA2A927AEA00EC3163 /* Base */,
			);
			name = LaunchScreen.storyboard;
			sourceTree = "<group>";
		};
/* End PBXVariantGroup section */

/* Begin XCBuildConfiguration section */
		33BF11CD2A927AEA00EC3163 /* Debug */ = {
			isa = XCBuildConfiguration;
			buildSettings = {
				ALWAYS_SEARCH_USER_PATHS = NO;
				CLANG_ANALYZER_NONNULL = YES;
				CLANG_ANALYZER_NUMBER_OBJECT_CONVERSION = YES_AGGRESSIVE;
				CLANG_CXX_LANGUAGE_STANDARD = "gnu++20";
				CLANG_ENABLE_MODULES = YES;
				CLANG_ENABLE_OBJC_ARC = YES;
				CLANG_ENABLE_OBJC_WEAK = YES;
				CLANG_WARN_BLOCK_CAPTURE_AUTORELEASING = YES;
				CLANG_WARN_BOOL_CONVERSION = YES;
				CLANG_WARN_COMMA = YES;
				CLANG_WARN_CONSTANT_CONVERSION = YES;
				CLANG_WARN_DEPRECATED_OBJC_IMPLEMENTATIONS = YES;
				CLANG_WARN_DIRECT_OBJC_ISA_USAGE = YES_ERROR;
				CLANG_WARN_DOCUMENTATION_COMMENTS = YES;
				CLANG_WARN_EMPTY_BODY = YES;
				CLANG_WARN_ENUM_CONVERSION = YES;
				CLANG_WARN_INFINITE_RECURSION = YES;
				CLANG_WARN_INT_CONVERSION = YES;
				CLANG_WARN_NON_LITERAL_NULL_CONVERSION = YES;
				CLANG_WARN_OBJC_IMPLICIT_RETAIN_SELF = YES;
				CLANG_WARN_OBJC_LITERAL_CONVERSION = YES;
				CLANG_WARN_OBJC_ROOT_CLASS = YES_ERROR;
				CLANG_WARN_QUOTED_INCLUDE_IN_FRAMEWORK_HEADER = YES;
				CLANG_WARN_RANGE_LOOP_ANALYSIS = YES;
				CLANG_WARN_STRICT_PROTOTYPES = YES;
				CLANG_WARN_SUSPICIOUS_MOVE = YES;
				CLANG_WARN_UNGUARDED_AVAILABILITY = YES_AGGRESSIVE;
				CLANG_WARN_UNREACHABLE_CODE = YES;
				CLANG_WARN__DUPLICATE_METHOD_MATCH = YES;
				COPY_PHASE_STRIP = NO;
				DEBUG_INFORMATION_FORMAT = dwarf;
				ENABLE_STRICT_OBJC_MSGSEND = YES;
				ENABLE_TESTABILITY = YES;
				GCC_C_LANGUAGE_STANDARD = gnu11;
				GCC_DYNAMIC_NO_PIC = NO;
				GCC_NO_COMMON_BLOCKS = YES;
				GCC_OPTIMIZATION_LEVEL = 0;
				GCC_PREPROCESSOR_DEFINITIONS = (
					"DEBUG=1",
					"$(inherited)",
				);
				GCC_WARN_64_TO_32_BIT_CONVERSION = YES;
				GCC_WARN_ABOUT_RETURN_TYPE = YES_ERROR;
				GCC_WARN_UNDECLARED_SELECTOR = YES;
				GCC_WARN_UNINITIALIZED_AUTOS = YES_AGGRESSIVE;
				GCC_WARN_UNUSED_FUNCTION = YES;
				GCC_WARN_UNUSED_VARIABLE = YES;
				IPHONEOS_DEPLOYMENT_TARGET = 16.4;
				MTL_ENABLE_DEBUG_INFO = INCLUDE_SOURCE;
				MTL_FAST_MATH = YES;
				ONLY_ACTIVE_ARCH = YES;
				SDKROOT = iphoneos;
				SWIFT_ACTIVE_COMPILATION_CONDITIONS = DEBUG;
				SWIFT_OPTIMIZATION_LEVEL = "-Onone";
			};
			name = Debug;
		};
		33BF11CE2A927AEA00EC3163 /* Release */ = {
			isa = XCBuildConfiguration;
			buildSettings = {
				ALWAYS_SEARCH_USER_PATHS = NO;
				CLANG_ANALYZER_NONNULL = YES;
				CLANG_ANALYZER_NUMBER_OBJECT_CONVERSION = YES_AGGRESSIVE;
				CLANG_CXX_LANGUAGE_STANDARD = "gnu++20";
				CLANG_ENABLE_MODULES = YES;
				CLANG_ENABLE_OBJC_ARC = YES;
				CLANG_ENABLE_OBJC_WEAK = YES;
				CLANG_WARN_BLOCK_CAPTURE_AUTORELEASING = YES;
				CLANG_WARN_BOOL_CONVERSION = YES;
				CLANG_WARN_COMMA = YES;
				CLANG_WARN_CONSTANT_CONVERSION = YES;
				CLANG_WARN_DEPRECATED_OBJC_IMPLEMENTATIONS = YES;
				CLANG_WARN_DIRECT_OBJC_ISA_USAGE = YES_ERROR;
				CLANG_WARN_DOCUMENTATION_COMMENTS = YES;
				CLANG_WARN_EMPTY_BODY = YES;
				CLANG_WARN_ENUM_CONVERSION = YES;
				CLANG_WARN_INFINITE_RECURSION = YES;
				CLANG_WARN_INT_CONVERSION = YES;
				CLANG_WARN_NON_LITERAL_NULL_CONVERSION = YES;
				CLANG_WARN_OBJC_IMPLICIT_RETAIN_SELF = YES;
				CLANG_WARN_OBJC_LITERAL_CONVERSION = YES;
				CLANG_WARN_OBJC_ROOT_CLASS = YES_ERROR;
				CLANG_WARN_QUOTED_INCLUDE_IN_FRAMEWORK_HEADER = YES;
				CLANG_WARN_RANGE_LOOP_ANALYSIS = YES;
				CLANG_WARN_STRICT_PROTOTYPES = YES;
				CLANG_WARN_SUSPICIOUS_MOVE = YES;
				CLANG_WARN_UNGUARDED_AVAILABILITY = YES_AGGRESSIVE;
				CLANG_WARN_UNREACHABLE_CODE = YES;
				CLANG_WARN__DUPLICATE_METHOD_MATCH = YES;
				COPY_PHASE_STRIP = NO;
				DEBUG_INFORMATION_FORMAT = "dwarf-with-dsym";
				ENABLE_NS_ASSERTIONS = NO;
				ENABLE_STRICT_OBJC_MSGSEND = YES;
				GCC_C_LANGUAGE_STANDARD = gnu11;
				GCC_NO_COMMON_BLOCKS = YES;
				GCC_WARN_64_TO_32_BIT_CONVERSION = YES;
				GCC_WARN_ABOUT_RETURN_TYPE = YES_ERROR;
				GCC_WARN_UNDECLARED_SELECTOR = YES;
				GCC_WARN_UNINITIALIZED_AUTOS = YES_AGGRESSIVE;
				GCC_WARN_UNUSED_FUNCTION = YES;
				GCC_WARN_UNUSED_VARIABLE = YES;
				IPHONEOS_DEPLOYMENT_TARGET = 16.4;
				MTL_ENABLE_DEBUG_INFO = NO;
				MTL_FAST_MATH = YES;
				SDKROOT = iphoneos;
				SWIFT_COMPILATION_MODE = wholemodule;
				SWIFT_OPTIMIZATION_LEVEL = "-O";
				VALIDATE_PRODUCT = YES;
			};
			name = Release;
		};
		33BF11D02A927AEA00EC3163 /* Debug */ = {
			isa = XCBuildConfiguration;
			buildSettings = {
				ASSETCATALOG_COMPILER_APPICON_NAME = AppIcon;
				ASSETCATALOG_COMPILER_GLOBAL_ACCENT_COLOR_NAME = AccentColor;
				CODE_SIGN_STYLE = Automatic;
				CURRENT_PROJECT_VERSION = 1;
				DEVELOPMENT_TEAM = HJ943JVKX7;
				GENERATE_INFOPLIST_FILE = YES;
				INFOPLIST_FILE = ModernCollectionView/Info.plist;
				INFOPLIST_KEY_UIApplicationSupportsIndirectInputEvents = YES;
				INFOPLIST_KEY_UILaunchStoryboardName = LaunchScreen;
				INFOPLIST_KEY_UIMainStoryboardFile = Main;
				INFOPLIST_KEY_UISupportedInterfaceOrientations_iPad = "UIInterfaceOrientationPortrait UIInterfaceOrientationPortraitUpsideDown UIInterfaceOrientationLandscapeLeft UIInterfaceOrientationLandscapeRight";
				INFOPLIST_KEY_UISupportedInterfaceOrientations_iPhone = "UIInterfaceOrientationPortrait UIInterfaceOrientationLandscapeLeft UIInterfaceOrientationLandscapeRight";
				LD_RUNPATH_SEARCH_PATHS = (
					"$(inherited)",
					"@executable_path/Frameworks",
				);
				MARKETING_VERSION = 1.0;
				PRODUCT_BUNDLE_IDENTIFIER = "z-wook.ModernCollectionView";
				PRODUCT_NAME = "$(TARGET_NAME)";
				SUPPORTED_PLATFORMS = "iphoneos iphonesimulator";
				SUPPORTS_MACCATALYST = NO;
				SUPPORTS_MAC_DESIGNED_FOR_IPHONE_IPAD = NO;
				SWIFT_EMIT_LOC_STRINGS = YES;
				SWIFT_VERSION = 5.0;
				TARGETED_DEVICE_FAMILY = "1,2";
			};
			name = Debug;
		};
		33BF11D12A927AEA00EC3163 /* Release */ = {
			isa = XCBuildConfiguration;
			buildSettings = {
				ASSETCATALOG_COMPILER_APPICON_NAME = AppIcon;
				ASSETCATALOG_COMPILER_GLOBAL_ACCENT_COLOR_NAME = AccentColor;
				CODE_SIGN_STYLE = Automatic;
				CURRENT_PROJECT_VERSION = 1;
				DEVELOPMENT_TEAM = HJ943JVKX7;
				GENERATE_INFOPLIST_FILE = YES;
				INFOPLIST_FILE = ModernCollectionView/Info.plist;
				INFOPLIST_KEY_UIApplicationSupportsIndirectInputEvents = YES;
				INFOPLIST_KEY_UILaunchStoryboardName = LaunchScreen;
				INFOPLIST_KEY_UIMainStoryboardFile = Main;
				INFOPLIST_KEY_UISupportedInterfaceOrientations_iPad = "UIInterfaceOrientationPortrait UIInterfaceOrientationPortraitUpsideDown UIInterfaceOrientationLandscapeLeft UIInterfaceOrientationLandscapeRight";
				INFOPLIST_KEY_UISupportedInterfaceOrientations_iPhone = "UIInterfaceOrientationPortrait UIInterfaceOrientationLandscapeLeft UIInterfaceOrientationLandscapeRight";
				LD_RUNPATH_SEARCH_PATHS = (
					"$(inherited)",
					"@executable_path/Frameworks",
				);
				MARKETING_VERSION = 1.0;
				PRODUCT_BUNDLE_IDENTIFIER = "z-wook.ModernCollectionView";
				PRODUCT_NAME = "$(TARGET_NAME)";
				SUPPORTED_PLATFORMS = "iphoneos iphonesimulator";
				SUPPORTS_MACCATALYST = NO;
				SUPPORTS_MAC_DESIGNED_FOR_IPHONE_IPAD = NO;
				SWIFT_EMIT_LOC_STRINGS = YES;
				SWIFT_VERSION = 5.0;
				TARGETED_DEVICE_FAMILY = "1,2";
			};
			name = Release;
		};
/* End XCBuildConfiguration section */

/* Begin XCConfigurationList section */
		33BF11B62A927AE900EC3163 /* Build configuration list for PBXProject "ModernCollectionView" */ = {
			isa = XCConfigurationList;
			buildConfigurations = (
				33BF11CD2A927AEA00EC3163 /* Debug */,
				33BF11CE2A927AEA00EC3163 /* Release */,
			);
			defaultConfigurationIsVisible = 0;
			defaultConfigurationName = Release;
		};
		33BF11CF2A927AEA00EC3163 /* Build configuration list for PBXNativeTarget "ModernCollectionView" */ = {
			isa = XCConfigurationList;
			buildConfigurations = (
				33BF11D02A927AEA00EC3163 /* Debug */,
				33BF11D12A927AEA00EC3163 /* Release */,
			);
			defaultConfigurationIsVisible = 0;
			defaultConfigurationName = Release;
		};
/* End XCConfigurationList section */

/* Begin XCRemoteSwiftPackageReference section */
		33458D972A92F372003322F5 /* XCRemoteSwiftPackageReference "SnapKit" */ = {
			isa = XCRemoteSwiftPackageReference;
			repositoryURL = "https://github.com/SnapKit/SnapKit";
			requirement = {
				kind = upToNextMajorVersion;
				minimumVersion = 5.0.0;
			};
		};
		33458D9A2A92F380003322F5 /* XCRemoteSwiftPackageReference "Kingfisher" */ = {
			isa = XCRemoteSwiftPackageReference;
			repositoryURL = "https://github.com/onevcat/Kingfisher";
			requirement = {
				kind = upToNextMajorVersion;
				minimumVersion = 7.0.0;
			};
		};
		33458D9D2A92F38D003322F5 /* XCRemoteSwiftPackageReference "Alamofire" */ = {
			isa = XCRemoteSwiftPackageReference;
			repositoryURL = "https://github.com/Alamofire/Alamofire";
			requirement = {
				kind = upToNextMajorVersion;
				minimumVersion = 5.0.0;
			};
		};
/* End XCRemoteSwiftPackageReference section */

/* Begin XCSwiftPackageProductDependency section */
		33458D982A92F372003322F5 /* SnapKit */ = {
			isa = XCSwiftPackageProductDependency;
			package = 33458D972A92F372003322F5 /* XCRemoteSwiftPackageReference "SnapKit" */;
			productName = SnapKit;
		};
		33458D9B2A92F380003322F5 /* Kingfisher */ = {
			isa = XCSwiftPackageProductDependency;
			package = 33458D9A2A92F380003322F5 /* XCRemoteSwiftPackageReference "Kingfisher" */;
			productName = Kingfisher;
		};
		33458D9E2A92F38D003322F5 /* Alamofire */ = {
			isa = XCSwiftPackageProductDependency;
			package = 33458D9D2A92F38D003322F5 /* XCRemoteSwiftPackageReference "Alamofire" */;
			productName = Alamofire;
		};
/* End XCSwiftPackageProductDependency section */
	};
	rootObject = 33BF11B32A927AE900EC3163 /* Project object */;
}
